
Microsoft Visual Studio Solution File, Format Version 12.00
# Visual Studio Version 17
VisualStudioVersion = 17.8.34511.84
MinimumVisualStudioVersion = 10.0.40219.1
Project("{FAE04EC0-301F-11D3-BF4B-00C04F79EFBC}") = "CIT 195 Lesson 4 Animal Inheritance", "CIT 195 Lesson 4 Animal Inheritance.csproj", "{D0FEA7C0-63A4-4C07-A37B-305B94B33609}"
EndProject
Global
	GlobalSection(SolutionConfigurationPlatforms) = preSolution
		Debug|Any CPU = Debug|Any CPU
		Release|Any CPU = Release|Any CPU
	EndGlobalSection
	GlobalSection(ProjectConfigurationPlatforms) = postSolution
		{D0FEA7C0-63A4-4C07-A37B-305B94B33609}.Debug|Any CPU.ActiveCfg = Debug|Any CPU
		{D0FEA7C0-63A4-4C07-A37B-305B94B33609}.Debug|Any CPU.Build.0 = Debug|Any CPU
		{D0FEA7C0-63A4-4C07-A37B-305B94B33609}.Release|Any CPU.ActiveCfg = Release|Any CPU
		{D0FEA7C0-63A4-4C07-A37B-305B94B33609}.Release|Any CPU.Build.0 = Release|Any CPU
	EndGlobalSection
	GlobalSection(SolutionProperties) = preSolution
		HideSolutionNode = FALSE
	EndGlobalSection
	GlobalSection(ExtensibilityGlobals) = postSolution
		SolutionGuid = {42BEFC03-92E8-42F2-AA66-5AA94D1F94B3}
	EndGlobalSection
EndGlobal
